
Microsoft Visual Studio Solution File, Format Version 12.00
# Visual Studio Version 16
VisualStudioVersion = 16.0.29001.49
MinimumVisualStudioVersion = 10.0.40219.1
Project("{FAE04EC0-301F-11D3-BF4B-00C04F79EFBC}") = "HelloUnity", "HelloUnity\HelloUnity.csproj", "{ED0C00CA-5E1C-4021-9673-5DE7171A454D}"
EndProject
Project("{FAE04EC0-301F-11D3-BF4B-00C04F79EFBC}") = "UnityBindings", "UnityBindings\UnityBindings.csproj", "{1EC982A0-4093-4385-A940-94A7F7A1CFA2}"
EndProject
Global
	GlobalSection(SolutionConfigurationPlatforms) = preSolution
		Debug|Any CPU = Debug|Any CPU
		Release|Any CPU = Release|Any CPU
	EndGlobalSection
	GlobalSection(ProjectConfigurationPlatforms) = postSolution
		{ED0C00CA-5E1C-4021-9673-5DE7171A454D}.Debug|Any CPU.ActiveCfg = Debug|Any CPU
		{ED0C00CA-5E1C-4021-9673-5DE7171A454D}.Debug|Any CPU.Build.0 = Debug|Any CPU
		{ED0C00CA-5E1C-4021-9673-5DE7171A454D}.Debug|Any CPU.Deploy.0 = Debug|Any CPU
		{ED0C00CA-5E1C-4021-9673-5DE7171A454D}.Release|Any CPU.ActiveCfg = Release|Any CPU
		{ED0C00CA-5E1C-4021-9673-5DE7171A454D}.Release|Any CPU.Build.0 = Release|Any CPU
		{ED0C00CA-5E1C-4021-9673-5DE7171A454D}.Release|Any CPU.Deploy.0 = Release|Any CPU
		{1EC982A0-4093-4385-A940-94A7F7A1CFA2}.Debug|Any CPU.ActiveCfg = Debug|Any CPU
		{1EC982A0-4093-4385-A940-94A7F7A1CFA2}.Debug|Any CPU.Build.0 = Debug|Any CPU
		{1EC982A0-4093-4385-A940-94A7F7A1CFA2}.Release|Any CPU.ActiveCfg = Release|Any CPU
		{1EC982A0-4093-4385-A940-94A7F7A1CFA2}.Release|Any CPU.Build.0 = Release|Any CPU
	EndGlobalSection
	GlobalSection(SolutionProperties) = preSolution
		HideSolutionNode = FALSE
	EndGlobalSection
	GlobalSection(ExtensibilityGlobals) = postSolution
		SolutionGuid = {EBDA59F2-AD46-48F4-A1C0-D789CFECABC3}
	EndGlobalSection
EndGlobal
